// !$*UTF8*$!
{
	archiveVersion = 1;
	classes = {
	};
	objectVersion = 48;
	objects = {

/* Begin PBXBuildFile section */
		CE0BFA46202698F80063334A /* libopencv_tracking.3.4.0.dylib in Frameworks */ = {isa = PBXBuildFile; fileRef = CE0BFA45202698F80063334A /* libopencv_tracking.3.4.0.dylib */; };
		CE0BFA482026B3EA0063334A /* libopencv_features2d.3.4.0.dylib in Frameworks */ = {isa = PBXBuildFile; fileRef = CE0BFA472026B3EA0063334A /* libopencv_features2d.3.4.0.dylib */; };
		CE1ABCA5202FEB460039C8E0 /* opencv-image-diff.cpp in Sources */ = {isa = PBXBuildFile; fileRef = CE1ABCA3202FEB450039C8E0 /* opencv-image-diff.cpp */; };
		CE35330F202137D6006B75BF /* main.cpp in Sources */ = {isa = PBXBuildFile; fileRef = CE35330E202137D6006B75BF /* main.cpp */; };
		CE35331820213D9E006B75BF /* libopencv_core.3.4.0.dylib in Frameworks */ = {isa = PBXBuildFile; fileRef = CE35331520213D9E006B75BF /* libopencv_core.3.4.0.dylib */; };
		CE35331920213D9E006B75BF /* libopencv_highgui.3.4.0.dylib in Frameworks */ = {isa = PBXBuildFile; fileRef = CE35331620213D9E006B75BF /* libopencv_highgui.3.4.0.dylib */; };
		CE35331A20213D9E006B75BF /* libopencv_imgcodecs.3.4.0.dylib in Frameworks */ = {isa = PBXBuildFile; fileRef = CE35331720213D9E006B75BF /* libopencv_imgcodecs.3.4.0.dylib */; };
		CE35331F202148B6006B75BF /* libopencv_video.3.4.0.dylib in Frameworks */ = {isa = PBXBuildFile; fileRef = CE35331D202148B6006B75BF /* libopencv_video.3.4.0.dylib */; };
		CE353320202148B6006B75BF /* libopencv_tracking.3.4.0.dylib in Frameworks */ = {isa = PBXBuildFile; fileRef = CE35331E202148B6006B75BF /* libopencv_tracking.3.4.0.dylib */; };
		CE35332220214A85006B75BF /* libopencv_imgproc.3.4.0.dylib in Frameworks */ = {isa = PBXBuildFile; fileRef = CE35332120214A84006B75BF /* libopencv_imgproc.3.4.0.dylib */; };
		CE6A2C1F20257AFB000B1AC5 /* libopencv_core.3.4.0.dylib in Frameworks */ = {isa = PBXBuildFile; fileRef = CE6A2C1E20257AFB000B1AC5 /* libopencv_core.3.4.0.dylib */; };
		CE7F7144202BDC4B00467057 /* opencv.cpp in Sources */ = {isa = PBXBuildFile; fileRef = CE7F7143202BDC4B00467057 /* opencv.cpp */; };
		CEB555DC20307711008B33D2 /* opencv-image-transparency.cpp in Sources */ = {isa = PBXBuildFile; fileRef = CEB555DB20307711008B33D2 /* opencv-image-transparency.cpp */; };
		CEC4F55E2029EB0500A02771 /* main_2.cpp in Sources */ = {isa = PBXBuildFile; fileRef = CEC4F55C2029EB0500A02771 /* main_2.cpp */; };
		CED344342024074A00A11D53 /* libopencv_bgsegm.3.4.0.dylib in Frameworks */ = {isa = PBXBuildFile; fileRef = CED344332024074A00A11D53 /* libopencv_bgsegm.3.4.0.dylib */; };
		CED87335203230FC008E1443 /* opencv-upper-body-detection.cpp in Sources */ = {isa = PBXBuildFile; fileRef = CED87334203230FC008E1443 /* opencv-upper-body-detection.cpp */; };
		CED8733720323D48008E1443 /* opencv-canny-edge.cpp in Sources */ = {isa = PBXBuildFile; fileRef = CED8733620323D48008E1443 /* opencv-canny-edge.cpp */; };
		CEDBE1CE202211B30033E41F /* libopencv_videoio.3.4.0.dylib in Frameworks */ = {isa = PBXBuildFile; fileRef = CEDBE1CD202211B30033E41F /* libopencv_videoio.3.4.0.dylib */; };
		CEDBE1D02022124C0033E41F /* libopencv_objdetect.3.4.0.dylib in Frameworks */ = {isa = PBXBuildFile; fileRef = CEDBE1CF2022124C0033E41F /* libopencv_objdetect.3.4.0.dylib */; };
/* End PBXBuildFile section */

/* Begin PBXCopyFilesBuildPhase section */
		CE353309202137D6006B75BF /* CopyFiles */ = {
			isa = PBXCopyFilesBuildPhase;
			buildActionMask = 2147483647;
			dstPath = /usr/share/man/man1/;
			dstSubfolderSpec = 0;
			files = (
			);
			runOnlyForDeploymentPostprocessing = 1;
		};
/* End PBXCopyFilesBuildPhase section */

/* Begin PBXFileReference section */
		CE0BFA45202698F80063334A /* libopencv_tracking.3.4.0.dylib */ = {isa = PBXFileReference; lastKnownFileType = "compiled.mach-o.dylib"; name = libopencv_tracking.3.4.0.dylib; path = ../../../usr/local/Cellar/opencv/3.4.0_1/lib/libopencv_tracking.3.4.0.dylib; sourceTree = "<group>"; };
		CE0BFA472026B3EA0063334A /* libopencv_features2d.3.4.0.dylib */ = {isa = PBXFileReference; lastKnownFileType = "compiled.mach-o.dylib"; path = libopencv_features2d.3.4.0.dylib; sourceTree = "<group>"; };
		CE1ABCA3202FEB450039C8E0 /* opencv-image-diff.cpp */ = {isa = PBXFileReference; lastKnownFileType = sourcecode.cpp.cpp; path = "opencv-image-diff.cpp"; sourceTree = "<group>"; };
		CE35330B202137D6006B75BF /* OpenCV */ = {isa = PBXFileReference; explicitFileType = "compiled.mach-o.executable"; includeInIndex = 0; path = OpenCV; sourceTree = BUILT_PRODUCTS_DIR; };
		CE35330E202137D6006B75BF /* main.cpp */ = {isa = PBXFileReference; lastKnownFileType = sourcecode.cpp.cpp; path = main.cpp; sourceTree = "<group>"; };
		CE35331520213D9E006B75BF /* libopencv_core.3.4.0.dylib */ = {isa = PBXFileReference; lastKnownFileType = "compiled.mach-o.dylib"; path = libopencv_core.3.4.0.dylib; sourceTree = "<group>"; };
		CE35331620213D9E006B75BF /* libopencv_highgui.3.4.0.dylib */ = {isa = PBXFileReference; lastKnownFileType = "compiled.mach-o.dylib"; path = libopencv_highgui.3.4.0.dylib; sourceTree = "<group>"; };
		CE35331720213D9E006B75BF /* libopencv_imgcodecs.3.4.0.dylib */ = {isa = PBXFileReference; lastKnownFileType = "compiled.mach-o.dylib"; path = libopencv_imgcodecs.3.4.0.dylib; sourceTree = "<group>"; };
		CE35331D202148B6006B75BF /* libopencv_video.3.4.0.dylib */ = {isa = PBXFileReference; lastKnownFileType = "compiled.mach-o.dylib"; path = libopencv_video.3.4.0.dylib; sourceTree = "<group>"; };
		CE35331E202148B6006B75BF /* libopencv_tracking.3.4.0.dylib */ = {isa = PBXFileReference; lastKnownFileType = "compiled.mach-o.dylib"; path = libopencv_tracking.3.4.0.dylib; sourceTree = "<group>"; };
		CE35332120214A84006B75BF /* libopencv_imgproc.3.4.0.dylib */ = {isa = PBXFileReference; lastKnownFileType = "compiled.mach-o.dylib"; path = libopencv_imgproc.3.4.0.dylib; sourceTree = "<group>"; };
		CE6A2C1E20257AFB000B1AC5 /* libopencv_core.3.4.0.dylib */ = {isa = PBXFileReference; lastKnownFileType = "compiled.mach-o.dylib"; name = libopencv_core.3.4.0.dylib; path = ../../../usr/local/Cellar/opencv/3.4.0_1/lib/libopencv_core.3.4.0.dylib; sourceTree = "<group>"; };
		CE7F7143202BDC4B00467057 /* opencv.cpp */ = {isa = PBXFileReference; lastKnownFileType = sourcecode.cpp.cpp; path = opencv.cpp; sourceTree = "<group>"; };
		CEB555DB20307711008B33D2 /* opencv-image-transparency.cpp */ = {isa = PBXFileReference; lastKnownFileType = sourcecode.cpp.cpp; path = "opencv-image-transparency.cpp"; sourceTree = "<group>"; };
		CEC4F55C2029EB0500A02771 /* main_2.cpp */ = {isa = PBXFileReference; lastKnownFileType = sourcecode.cpp.cpp; path = main_2.cpp; sourceTree = "<group>"; };
		CEC4F55D2029EB0500A02771 /* main_2.hpp */ = {isa = PBXFileReference; lastKnownFileType = sourcecode.cpp.h; path = main_2.hpp; sourceTree = "<group>"; };
		CED344332024074A00A11D53 /* libopencv_bgsegm.3.4.0.dylib */ = {isa = PBXFileReference; lastKnownFileType = "compiled.mach-o.dylib"; path = libopencv_bgsegm.3.4.0.dylib; sourceTree = "<group>"; };
		CED87334203230FC008E1443 /* opencv-upper-body-detection.cpp */ = {isa = PBXFileReference; lastKnownFileType = sourcecode.cpp.cpp; path = "opencv-upper-body-detection.cpp"; sourceTree = "<group>"; };
		CED8733620323D48008E1443 /* opencv-canny-edge.cpp */ = {isa = PBXFileReference; lastKnownFileType = sourcecode.cpp.cpp; path = "opencv-canny-edge.cpp"; sourceTree = "<group>"; };
		CEDBE1CD202211B30033E41F /* libopencv_videoio.3.4.0.dylib */ = {isa = PBXFileReference; lastKnownFileType = "compiled.mach-o.dylib"; path = libopencv_videoio.3.4.0.dylib; sourceTree = "<group>"; };
		CEDBE1CF2022124C0033E41F /* libopencv_objdetect.3.4.0.dylib */ = {isa = PBXFileReference; lastKnownFileType = "compiled.mach-o.dylib"; path = libopencv_objdetect.3.4.0.dylib; sourceTree = "<group>"; };
/* End PBXFileReference section */

/* Begin PBXFrameworksBuildPhase section */
		CE353308202137D6006B75BF /* Frameworks */ = {
			isa = PBXFrameworksBuildPhase;
			buildActionMask = 2147483647;
			files = (
				CED344342024074A00A11D53 /* libopencv_bgsegm.3.4.0.dylib in Frameworks */,
				CE35332220214A85006B75BF /* libopencv_imgproc.3.4.0.dylib in Frameworks */,
				CE35331920213D9E006B75BF /* libopencv_highgui.3.4.0.dylib in Frameworks */,
				CE6A2C1F20257AFB000B1AC5 /* libopencv_core.3.4.0.dylib in Frameworks */,
				CE35331A20213D9E006B75BF /* libopencv_imgcodecs.3.4.0.dylib in Frameworks */,
				CE35331F202148B6006B75BF /* libopencv_video.3.4.0.dylib in Frameworks */,
				CE0BFA482026B3EA0063334A /* libopencv_features2d.3.4.0.dylib in Frameworks */,
				CE353320202148B6006B75BF /* libopencv_tracking.3.4.0.dylib in Frameworks */,
				CE35331820213D9E006B75BF /* libopencv_core.3.4.0.dylib in Frameworks */,
				CE0BFA46202698F80063334A /* libopencv_tracking.3.4.0.dylib in Frameworks */,
				CEDBE1CE202211B30033E41F /* libopencv_videoio.3.4.0.dylib in Frameworks */,
				CEDBE1D02022124C0033E41F /* libopencv_objdetect.3.4.0.dylib in Frameworks */,
			);
			runOnlyForDeploymentPostprocessing = 0;
		};
/* End PBXFrameworksBuildPhase section */

/* Begin PBXGroup section */
		CE353302202137D6006B75BF = {
			isa = PBXGroup;
			children = (
				CE0BFA472026B3EA0063334A /* libopencv_features2d.3.4.0.dylib */,
				CE0BFA45202698F80063334A /* libopencv_tracking.3.4.0.dylib */,
				CE6A2C1E20257AFB000B1AC5 /* libopencv_core.3.4.0.dylib */,
				CED344332024074A00A11D53 /* libopencv_bgsegm.3.4.0.dylib */,
				CEDBE1CF2022124C0033E41F /* libopencv_objdetect.3.4.0.dylib */,
				CEDBE1CD202211B30033E41F /* libopencv_videoio.3.4.0.dylib */,
				CE35332120214A84006B75BF /* libopencv_imgproc.3.4.0.dylib */,
				CE35331E202148B6006B75BF /* libopencv_tracking.3.4.0.dylib */,
				CE35331D202148B6006B75BF /* libopencv_video.3.4.0.dylib */,
				CE35331520213D9E006B75BF /* libopencv_core.3.4.0.dylib */,
				CE35331620213D9E006B75BF /* libopencv_highgui.3.4.0.dylib */,
				CE35331720213D9E006B75BF /* libopencv_imgcodecs.3.4.0.dylib */,
				CE35330D202137D6006B75BF /* OpenCV */,
				CE35330C202137D6006B75BF /* Products */,
			);
			sourceTree = "<group>";
		};
		CE35330C202137D6006B75BF /* Products */ = {
			isa = PBXGroup;
			children = (
				CE35330B202137D6006B75BF /* OpenCV */,
			);
			name = Products;
			sourceTree = "<group>";
		};
		CE35330D202137D6006B75BF /* OpenCV */ = {
			isa = PBXGroup;
			children = (
				CE35330E202137D6006B75BF /* main.cpp */,
				CEC4F55C2029EB0500A02771 /* main_2.cpp */,
				CEC4F55D2029EB0500A02771 /* main_2.hpp */,
				CE7F7143202BDC4B00467057 /* opencv.cpp */,
				CE1ABCA3202FEB450039C8E0 /* opencv-image-diff.cpp */,
				CEB555DB20307711008B33D2 /* opencv-image-transparency.cpp */,
				CED87334203230FC008E1443 /* opencv-upper-body-detection.cpp */,
				CED8733620323D48008E1443 /* opencv-canny-edge.cpp */,
			);
			path = OpenCV;
			sourceTree = "<group>";
		};
/* End PBXGroup section */

/* Begin PBXNativeTarget section */
		CE35330A202137D6006B75BF /* OpenCV */ = {
			isa = PBXNativeTarget;
			buildConfigurationList = CE353312202137D6006B75BF /* Build configuration list for PBXNativeTarget "OpenCV" */;
			buildPhases = (
				CE353307202137D6006B75BF /* Sources */,
				CE353308202137D6006B75BF /* Frameworks */,
				CE353309202137D6006B75BF /* CopyFiles */,
			);
			buildRules = (
			);
			dependencies = (
			);
			name = OpenCV;
			productName = OpenCV;
			productReference = CE35330B202137D6006B75BF /* OpenCV */;
			productType = "com.apple.product-type.tool";
		};
/* End PBXNativeTarget section */

/* Begin PBXProject section */
		CE353303202137D6006B75BF /* Project object */ = {
			isa = PBXProject;
			attributes = {
				LastUpgradeCheck = 0920;
				ORGANIZATIONNAME = "Vince Llauderes";
				TargetAttributes = {
					CE35330A202137D6006B75BF = {
						CreatedOnToolsVersion = 9.2;
						ProvisioningStyle = Automatic;
					};
				};
			};
			buildConfigurationList = CE353306202137D6006B75BF /* Build configuration list for PBXProject "OpenCV" */;
			compatibilityVersion = "Xcode 8.0";
			developmentRegion = en;
			hasScannedForEncodings = 0;
			knownRegions = (
				en,
			);
			mainGroup = CE353302202137D6006B75BF;
			productRefGroup = CE35330C202137D6006B75BF /* Products */;
			projectDirPath = "";
			projectRoot = "";
			targets = (
				CE35330A202137D6006B75BF /* OpenCV */,
			);
		};
/* End PBXProject section */

/* Begin PBXSourcesBuildPhase section */
		CE353307202137D6006B75BF /* Sources */ = {
			isa = PBXSourcesBuildPhase;
			buildActionMask = 2147483647;
			files = (
				CE35330F202137D6006B75BF /* main.cpp in Sources */,
				CED87335203230FC008E1443 /* opencv-upper-body-detection.cpp in Sources */,
				CE7F7144202BDC4B00467057 /* opencv.cpp in Sources */,
				CEB555DC20307711008B33D2 /* opencv-image-transparency.cpp in Sources */,
				CEC4F55E2029EB0500A02771 /* main_2.cpp in Sources */,
				CE1ABCA5202FEB460039C8E0 /* opencv-image-diff.cpp in Sources */,
				CED8733720323D48008E1443 /* opencv-canny-edge.cpp in Sources */,
			);
			runOnlyForDeploymentPostprocessing = 0;
		};
/* End PBXSourcesBuildPhase section */

/* Begin XCBuildConfiguration section */
		CE353310202137D6006B75BF /* Debug */ = {
			isa = XCBuildConfiguration;
			buildSettings = {
				ALWAYS_SEARCH_USER_PATHS = NO;
				CLANG_ANALYZER_NONNULL = YES;
				CLANG_ANALYZER_NUMBER_OBJECT_CONVERSION = YES_AGGRESSIVE;
				CLANG_CXX_LANGUAGE_STANDARD = "gnu++14";
				CLANG_CXX_LIBRARY = "libc++";
				CLANG_ENABLE_MODULES = YES;
				CLANG_ENABLE_OBJC_ARC = YES;
				CLANG_WARN_BLOCK_CAPTURE_AUTORELEASING = YES;
				CLANG_WARN_BOOL_CONVERSION = YES;
				CLANG_WARN_COMMA = YES;
				CLANG_WARN_CONSTANT_CONVERSION = YES;
				CLANG_WARN_DIRECT_OBJC_ISA_USAGE = YES_ERROR;
				CLANG_WARN_DOCUMENTATION_COMMENTS = YES;
				CLANG_WARN_EMPTY_BODY = YES;
				CLANG_WARN_ENUM_CONVERSION = YES;
				CLANG_WARN_INFINITE_RECURSION = YES;
				CLANG_WARN_INT_CONVERSION = YES;
				CLANG_WARN_NON_LITERAL_NULL_CONVERSION = YES;
				CLANG_WARN_OBJC_LITERAL_CONVERSION = YES;
				CLANG_WARN_OBJC_ROOT_CLASS = YES_ERROR;
				CLANG_WARN_RANGE_LOOP_ANALYSIS = YES;
				CLANG_WARN_STRICT_PROTOTYPES = YES;
				CLANG_WARN_SUSPICIOUS_MOVE = YES;
				CLANG_WARN_UNGUARDED_AVAILABILITY = YES_AGGRESSIVE;
				CLANG_WARN_UNREACHABLE_CODE = YES;
				CLANG_WARN__DUPLICATE_METHOD_MATCH = YES;
				CODE_SIGN_IDENTITY = "Mac Developer";
				COPY_PHASE_STRIP = NO;
				DEBUG_INFORMATION_FORMAT = dwarf;
				ENABLE_STRICT_OBJC_MSGSEND = YES;
				ENABLE_TESTABILITY = YES;
				GCC_C_LANGUAGE_STANDARD = gnu11;
				GCC_DYNAMIC_NO_PIC = NO;
				GCC_NO_COMMON_BLOCKS = YES;
				GCC_OPTIMIZATION_LEVEL = 0;
				GCC_PREPROCESSOR_DEFINITIONS = (
					"DEBUG=1",
					"$(inherited)",
				);
				GCC_WARN_64_TO_32_BIT_CONVERSION = YES;
				GCC_WARN_ABOUT_RETURN_TYPE = YES_ERROR;
				GCC_WARN_UNDECLARED_SELECTOR = YES;
				GCC_WARN_UNINITIALIZED_AUTOS = YES_AGGRESSIVE;
				GCC_WARN_UNUSED_FUNCTION = YES;
				GCC_WARN_UNUSED_VARIABLE = YES;
				MACOSX_DEPLOYMENT_TARGET = 10.13;
				MTL_ENABLE_DEBUG_INFO = YES;
				ONLY_ACTIVE_ARCH = YES;
				SDKROOT = macosx;
			};
			name = Debug;
		};
		CE353311202137D6006B75BF /* Release */ = {
			isa = XCBuildConfiguration;
			buildSettings = {
				ALWAYS_SEARCH_USER_PATHS = NO;
				CLANG_ANALYZER_NONNULL = YES;
				CLANG_ANALYZER_NUMBER_OBJECT_CONVERSION = YES_AGGRESSIVE;
				CLANG_CXX_LANGUAGE_STANDARD = "gnu++14";
				CLANG_CXX_LIBRARY = "libc++";
				CLANG_ENABLE_MODULES = YES;
				CLANG_ENABLE_OBJC_ARC = YES;
				CLANG_WARN_BLOCK_CAPTURE_AUTORELEASING = YES;
				CLANG_WARN_BOOL_CONVERSION = YES;
				CLANG_WARN_COMMA = YES;
				CLANG_WARN_CONSTANT_CONVERSION = YES;
				CLANG_WARN_DIRECT_OBJC_ISA_USAGE = YES_ERROR;
				CLANG_WARN_DOCUMENTATION_COMMENTS = YES;
				CLANG_WARN_EMPTY_BODY = YES;
				CLANG_WARN_ENUM_CONVERSION = YES;
				CLANG_WARN_INFINITE_RECURSION = YES;
				CLANG_WARN_INT_CONVERSION = YES;
				CLANG_WARN_NON_LITERAL_NULL_CONVERSION = YES;
				CLANG_WARN_OBJC_LITERAL_CONVERSION = YES;
				CLANG_WARN_OBJC_ROOT_CLASS = YES_ERROR;
				CLANG_WARN_RANGE_LOOP_ANALYSIS = YES;
				CLANG_WARN_STRICT_PROTOTYPES = YES;
				CLANG_WARN_SUSPICIOUS_MOVE = YES;
				CLANG_WARN_UNGUARDED_AVAILABILITY = YES_AGGRESSIVE;
				CLANG_WARN_UNREACHABLE_CODE = YES;
				CLANG_WARN__DUPLICATE_METHOD_MATCH = YES;
				CODE_SIGN_IDENTITY = "Mac Developer";
				COPY_PHASE_STRIP = NO;
				DEBUG_INFORMATION_FORMAT = "dwarf-with-dsym";
				ENABLE_NS_ASSERTIONS = NO;
				ENABLE_STRICT_OBJC_MSGSEND = YES;
				GCC_C_LANGUAGE_STANDARD = gnu11;
				GCC_NO_COMMON_BLOCKS = YES;
				GCC_WARN_64_TO_32_BIT_CONVERSION = YES;
				GCC_WARN_ABOUT_RETURN_TYPE = YES_ERROR;
				GCC_WARN_UNDECLARED_SELECTOR = YES;
				GCC_WARN_UNINITIALIZED_AUTOS = YES_AGGRESSIVE;
				GCC_WARN_UNUSED_FUNCTION = YES;
				GCC_WARN_UNUSED_VARIABLE = YES;
				MACOSX_DEPLOYMENT_TARGET = 10.13;
				MTL_ENABLE_DEBUG_INFO = NO;
				SDKROOT = macosx;
			};
			name = Release;
		};
		CE353313202137D6006B75BF /* Debug */ = {
			isa = XCBuildConfiguration;
			buildSettings = {
				ALWAYS_SEARCH_USER_PATHS = YES;
				CODE_SIGN_STYLE = Automatic;
				DEVELOPMENT_TEAM = 33DL6WF665;
				FRAMEWORK_SEARCH_PATHS = /usr/local/lib;
				HEADER_SEARCH_PATHS = /usr/local/include;
				LIBRARY_SEARCH_PATHS = (
					"$(inherited)",
					"$(PROJECT_DIR)",
					/usr/local/Cellar/opencv/3.4.0_1/lib,
				);
				PRODUCT_NAME = "$(TARGET_NAME)";
			};
			name = Debug;
		};
		CE353314202137D6006B75BF /* Release */ = {
			isa = XCBuildConfiguration;
			buildSettings = {
				ALWAYS_SEARCH_USER_PATHS = YES;
				CODE_SIGN_STYLE = Automatic;
				DEVELOPMENT_TEAM = 33DL6WF665;
				FRAMEWORK_SEARCH_PATHS = /usr/local/lib;
				HEADER_SEARCH_PATHS = /usr/local/include;
				LIBRARY_SEARCH_PATHS = (
					"$(inherited)",
					"$(PROJECT_DIR)",
					/usr/local/Cellar/opencv/3.4.0_1/lib,
				);
				PRODUCT_NAME = "$(TARGET_NAME)";
			};
			name = Release;
		};
/* End XCBuildConfiguration section */

/* Begin XCConfigurationList section */
		CE353306202137D6006B75BF /* Build configuration list for PBXProject "OpenCV" */ = {
			isa = XCConfigurationList;
			buildConfigurations = (
				CE353310202137D6006B75BF /* Debug */,
				CE353311202137D6006B75BF /* Release */,
			);
			defaultConfigurationIsVisible = 0;
			defaultConfigurationName = Release;
		};
		CE353312202137D6006B75BF /* Build configuration list for PBXNativeTarget "OpenCV" */ = {
			isa = XCConfigurationList;
			buildConfigurations = (
				CE353313202137D6006B75BF /* Debug */,
				CE353314202137D6006B75BF /* Release */,
			);
			defaultConfigurationIsVisible = 0;
			defaultConfigurationName = Release;
		};
/* End XCConfigurationList section */
	};
	rootObject = CE353303202137D6006B75BF /* Project object */;
}
